
Microsoft Visual Studio Solution File, Format Version 12.00
# Visual Studio Version 17
VisualStudioVersion = 17.9.34728.123
MinimumVisualStudioVersion = 10.0.40219.1
Project("{9A19103F-16F7-4668-BE54-9A1E7A4F7556}") = "AuthApp", "AuthApp\AuthApp.csproj", "{3CAB1F5B-C8A8-4F2B-9A85-CDAC732FCBD4}"
EndProject
Project("{E53339B2-1760-4266-BCC7-CA923CBCF16C}") = "docker-compose", "docker-compose.dcproj", "{657A18C8-C20F-436D-BA7E-0A3D1561FBFA}"
EndProject
Global
	GlobalSection(SolutionConfigurationPlatforms) = preSolution
		Debug|Any CPU = Debug|Any CPU
		Release|Any CPU = Release|Any CPU
	EndGlobalSection
	GlobalSection(ProjectConfigurationPlatforms) = postSolution
		{3CAB1F5B-C8A8-4F2B-9A85-CDAC732FCBD4}.Debug|Any CPU.ActiveCfg = Debug|Any CPU
		{3CAB1F5B-C8A8-4F2B-9A85-CDAC732FCBD4}.Debug|Any CPU.Build.0 = Debug|Any CPU
		{3CAB1F5B-C8A8-4F2B-9A85-CDAC732FCBD4}.Release|Any CPU.ActiveCfg = Release|Any CPU
		{3CAB1F5B-C8A8-4F2B-9A85-CDAC732FCBD4}.Release|Any CPU.Build.0 = Release|Any CPU
		{657A18C8-C20F-436D-BA7E-0A3D1561FBFA}.Debug|Any CPU.ActiveCfg = Debug|Any CPU
		{657A18C8-C20F-436D-BA7E-0A3D1561FBFA}.Debug|Any CPU.Build.0 = Debug|Any CPU
		{657A18C8-C20F-436D-BA7E-0A3D1561FBFA}.Release|Any CPU.ActiveCfg = Release|Any CPU
		{657A18C8-C20F-436D-BA7E-0A3D1561FBFA}.Release|Any CPU.Build.0 = Release|Any CPU
	EndGlobalSection
	GlobalSection(SolutionProperties) = preSolution
		HideSolutionNode = FALSE
	EndGlobalSection
	GlobalSection(ExtensibilityGlobals) = postSolution
		SolutionGuid = {BA5C2287-4181-4D9C-A4C1-D5A6CA8BEB45}
	EndGlobalSection
EndGlobal
